// !$*UTF8*$!
{
	archiveVersion = 1;
	classes = {
	};
	objectVersion = 56;
	objects = {

/* Begin PBXBuildFile section */
		610CA8BB2B7C1F29000A84E1 /* CatalogView.swift in Sources */ = {isa = PBXBuildFile; fileRef = 610CA8BA2B7C1F29000A84E1 /* CatalogView.swift */; };
		619F4B6D2B8144C800F0912D /* SignInView.swift in Sources */ = {isa = PBXBuildFile; fileRef = 619F4B6C2B8144C800F0912D /* SignInView.swift */; };
		619F4B6F2B8144E500F0912D /* AccountView.swift in Sources */ = {isa = PBXBuildFile; fileRef = 619F4B6E2B8144E500F0912D /* AccountView.swift */; };
		619F4B712B814EFE00F0912D /* FirebaseAnalytics in Frameworks */ = {isa = PBXBuildFile; productRef = 619F4B702B814EFE00F0912D /* FirebaseAnalytics */; };
		619F4B732B814EFE00F0912D /* FirebaseAnalyticsOnDeviceConversion in Frameworks */ = {isa = PBXBuildFile; productRef = 619F4B722B814EFE00F0912D /* FirebaseAnalyticsOnDeviceConversion */; };
		619F4B752B814EFE00F0912D /* FirebaseAnalyticsSwift in Frameworks */ = {isa = PBXBuildFile; productRef = 619F4B742B814EFE00F0912D /* FirebaseAnalyticsSwift */; };
		619F4B772B814EFE00F0912D /* FirebaseAnalyticsWithoutAdIdSupport in Frameworks */ = {isa = PBXBuildFile; productRef = 619F4B762B814EFE00F0912D /* FirebaseAnalyticsWithoutAdIdSupport */; };
		619F4B792B814EFE00F0912D /* FirebaseAppCheck in Frameworks */ = {isa = PBXBuildFile; productRef = 619F4B782B814EFE00F0912D /* FirebaseAppCheck */; };
		619F4B7B2B814EFE00F0912D /* FirebaseAppDistribution-Beta in Frameworks */ = {isa = PBXBuildFile; productRef = 619F4B7A2B814EFE00F0912D /* FirebaseAppDistribution-Beta */; };
		619F4B7D2B814EFE00F0912D /* FirebaseAuth in Frameworks */ = {isa = PBXBuildFile; productRef = 619F4B7C2B814EFE00F0912D /* FirebaseAuth */; };
		619F4B7F2B814EFE00F0912D /* FirebaseAuthCombine-Community in Frameworks */ = {isa = PBXBuildFile; productRef = 619F4B7E2B814EFE00F0912D /* FirebaseAuthCombine-Community */; };
		619F4B812B814EFE00F0912D /* FirebaseCrashlytics in Frameworks */ = {isa = PBXBuildFile; productRef = 619F4B802B814EFE00F0912D /* FirebaseCrashlytics */; };
		619F4B832B814EFE00F0912D /* FirebaseDatabase in Frameworks */ = {isa = PBXBuildFile; productRef = 619F4B822B814EFE00F0912D /* FirebaseDatabase */; };
		619F4B852B814EFE00F0912D /* FirebaseDatabaseSwift in Frameworks */ = {isa = PBXBuildFile; productRef = 619F4B842B814EFE00F0912D /* FirebaseDatabaseSwift */; };
		619F4B872B814EFE00F0912D /* FirebaseDynamicLinks in Frameworks */ = {isa = PBXBuildFile; productRef = 619F4B862B814EFE00F0912D /* FirebaseDynamicLinks */; };
		619F4B892B814EFE00F0912D /* FirebaseFirestore in Frameworks */ = {isa = PBXBuildFile; productRef = 619F4B882B814EFE00F0912D /* FirebaseFirestore */; };
		619F4B8B2B814EFE00F0912D /* FirebaseFirestoreCombine-Community in Frameworks */ = {isa = PBXBuildFile; productRef = 619F4B8A2B814EFE00F0912D /* FirebaseFirestoreCombine-Community */; };
		619F4B8D2B814EFE00F0912D /* FirebaseFirestoreSwift in Frameworks */ = {isa = PBXBuildFile; productRef = 619F4B8C2B814EFE00F0912D /* FirebaseFirestoreSwift */; };
		619F4B8F2B814EFE00F0912D /* FirebaseFunctions in Frameworks */ = {isa = PBXBuildFile; productRef = 619F4B8E2B814EFE00F0912D /* FirebaseFunctions */; };
		619F4B912B814EFE00F0912D /* FirebaseFunctionsCombine-Community in Frameworks */ = {isa = PBXBuildFile; productRef = 619F4B902B814EFE00F0912D /* FirebaseFunctionsCombine-Community */; };
		619F4B932B814EFE00F0912D /* FirebaseInAppMessaging-Beta in Frameworks */ = {isa = PBXBuildFile; productRef = 619F4B922B814EFE00F0912D /* FirebaseInAppMessaging-Beta */; };
		619F4B952B814EFE00F0912D /* FirebaseInAppMessagingSwift-Beta in Frameworks */ = {isa = PBXBuildFile; productRef = 619F4B942B814EFE00F0912D /* FirebaseInAppMessagingSwift-Beta */; };
		619F4B972B814EFE00F0912D /* FirebaseInstallations in Frameworks */ = {isa = PBXBuildFile; productRef = 619F4B962B814EFE00F0912D /* FirebaseInstallations */; };
		619F4B992B814EFE00F0912D /* FirebaseMLModelDownloader in Frameworks */ = {isa = PBXBuildFile; productRef = 619F4B982B814EFE00F0912D /* FirebaseMLModelDownloader */; };
		619F4B9B2B814EFE00F0912D /* FirebaseMessaging in Frameworks */ = {isa = PBXBuildFile; productRef = 619F4B9A2B814EFE00F0912D /* FirebaseMessaging */; };
		619F4B9D2B814EFE00F0912D /* FirebasePerformance in Frameworks */ = {isa = PBXBuildFile; productRef = 619F4B9C2B814EFE00F0912D /* FirebasePerformance */; };
		619F4B9F2B814EFE00F0912D /* FirebaseRemoteConfig in Frameworks */ = {isa = PBXBuildFile; productRef = 619F4B9E2B814EFE00F0912D /* FirebaseRemoteConfig */; };
		619F4BA12B814EFE00F0912D /* FirebaseRemoteConfigSwift in Frameworks */ = {isa = PBXBuildFile; productRef = 619F4BA02B814EFE00F0912D /* FirebaseRemoteConfigSwift */; };
		619F4BA32B814EFE00F0912D /* FirebaseStorage in Frameworks */ = {isa = PBXBuildFile; productRef = 619F4BA22B814EFE00F0912D /* FirebaseStorage */; };
		619F4BA52B814EFE00F0912D /* FirebaseStorageCombine-Community in Frameworks */ = {isa = PBXBuildFile; productRef = 619F4BA42B814EFE00F0912D /* FirebaseStorageCombine-Community */; };
		619F4BA72B8161F600F0912D /* SignUpView.swift in Sources */ = {isa = PBXBuildFile; fileRef = 619F4BA62B8161F600F0912D /* SignUpView.swift */; };
		6E091F3C2B906DEE006AE7CB /* ScanRoomController.swift in Sources */ = {isa = PBXBuildFile; fileRef = 6E091F3B2B906DEE006AE7CB /* ScanRoomController.swift */; };
		6E091F3E2B906FF4006AE7CB /* ObjectModel.swift in Sources */ = {isa = PBXBuildFile; fileRef = 6E091F3D2B906FF4006AE7CB /* ObjectModel.swift */; };
		6E091F422B9073E3006AE7CB /* ObjectDectectionView.swift in Sources */ = {isa = PBXBuildFile; fileRef = 6E091F412B9073E3006AE7CB /* ObjectDectectionView.swift */; };
		6E20E1652B85A3D90024BEA8 /* Elements.swift in Sources */ = {isa = PBXBuildFile; fileRef = 6E20E1642B85A3D90024BEA8 /* Elements.swift */; };
		6E20E16D2B8B0DD50024BEA8 /* art.scnassets in Resources */ = {isa = PBXBuildFile; fileRef = 6E20E16C2B8B0DD50024BEA8 /* art.scnassets */; };
		6E20E16F2B8B10FD0024BEA8 /* SceneKit.framework in Frameworks */ = {isa = PBXBuildFile; fileRef = 6E20E16E2B8B10FC0024BEA8 /* SceneKit.framework */; };
		6E20E1732B8B15190024BEA8 /* ObjectNode.swift in Sources */ = {isa = PBXBuildFile; fileRef = 6E20E1722B8B15190024BEA8 /* ObjectNode.swift */; };
		6E20E1782B8B15860024BEA8 /* CaptureRoom+Extra.swift in Sources */ = {isa = PBXBuildFile; fileRef = 6E20E1772B8B15860024BEA8 /* CaptureRoom+Extra.swift */; };
		6E20E17A2B8B16DF0024BEA8 /* SCNNode+Extra.swift in Sources */ = {isa = PBXBuildFile; fileRef = 6E20E1792B8B16DF0024BEA8 /* SCNNode+Extra.swift */; };
		6E20E17C2B8B180F0024BEA8 /* MathUtil+Extra.swift in Sources */ = {isa = PBXBuildFile; fileRef = 6E20E17B2B8B180F0024BEA8 /* MathUtil+Extra.swift */; };
		6E20E17F2B8B19100024BEA8 /* InfoView.swift in Sources */ = {isa = PBXBuildFile; fileRef = 6E20E17E2B8B19100024BEA8 /* InfoView.swift */; };
		6E20E1812B8B19320024BEA8 /* LabelView.swift in Sources */ = {isa = PBXBuildFile; fileRef = 6E20E1802B8B19320024BEA8 /* LabelView.swift */; };
		6E2A7A5D2B7ED8E400116030 /* roomplan-large.mp4 in Resources */ = {isa = PBXBuildFile; fileRef = 6E2A7A5C2B7ED8E400116030 /* roomplan-large.mp4 */; };
		6E7DEE7E2B676A0E00165B61 /* MainView.swift in Sources */ = {isa = PBXBuildFile; fileRef = 6E7DEE7D2B676A0E00165B61 /* MainView.swift */; };
		6E7DEE802B69C35900165B61 /* CreateDesignView.swift in Sources */ = {isa = PBXBuildFile; fileRef = 6E7DEE7F2B69C35900165B61 /* CreateDesignView.swift */; };
		6E7DEE8B2B69CC4700165B61 /* Merriweather-BlackItalic.ttf in Resources */ = {isa = PBXBuildFile; fileRef = 6E7DEE882B69C42500165B61 /* Merriweather-BlackItalic.ttf */; };
		6E7DEE8C2B69CC4700165B61 /* Merriweather-Regular.ttf in Resources */ = {isa = PBXBuildFile; fileRef = 6E7DEE872B69C42500165B61 /* Merriweather-Regular.ttf */; };
		6E7DEE8D2B69CC4700165B61 /* Merriweather-Black.ttf in Resources */ = {isa = PBXBuildFile; fileRef = 6E7DEE892B69C42500165B61 /* Merriweather-Black.ttf */; };
		6E7DEE8E2B69CC4700165B61 /* Merriweather-Italic.ttf in Resources */ = {isa = PBXBuildFile; fileRef = 6E7DEE832B69C42500165B61 /* Merriweather-Italic.ttf */; };
		6E7DEE8F2B69CC4700165B61 /* Merriweather-BoldItalic.ttf in Resources */ = {isa = PBXBuildFile; fileRef = 6E7DEE852B69C42500165B61 /* Merriweather-BoldItalic.ttf */; };
		6E7DEE902B69CC4700165B61 /* Merriweather-Light.ttf in Resources */ = {isa = PBXBuildFile; fileRef = 6E7DEE842B69C42500165B61 /* Merriweather-Light.ttf */; };
		6E7DEE912B69CC4700165B61 /* Merriweather-LightItalic.ttf in Resources */ = {isa = PBXBuildFile; fileRef = 6E7DEE862B69C42500165B61 /* Merriweather-LightItalic.ttf */; };
		6E7DEE922B69CC4700165B61 /* Merriweather-Bold.ttf in Resources */ = {isa = PBXBuildFile; fileRef = 6E7DEE822B69C42500165B61 /* Merriweather-Bold.ttf */; };
		6E7DEE972B6C602500165B61 /* Cambay-BoldItalic.ttf in Resources */ = {isa = PBXBuildFile; fileRef = 6E7DEE932B6C602500165B61 /* Cambay-BoldItalic.ttf */; };
		6E7DEE982B6C602500165B61 /* Cambay-Italic.ttf in Resources */ = {isa = PBXBuildFile; fileRef = 6E7DEE942B6C602500165B61 /* Cambay-Italic.ttf */; };
		6E7DEE992B6C602500165B61 /* Cambay-Regular.ttf in Resources */ = {isa = PBXBuildFile; fileRef = 6E7DEE952B6C602500165B61 /* Cambay-Regular.ttf */; };
		6E7DEE9A2B6C602500165B61 /* Cambay-Bold.ttf in Resources */ = {isa = PBXBuildFile; fileRef = 6E7DEE962B6C602500165B61 /* Cambay-Bold.ttf */; };
		6E7DEE9C2B6C947800165B61 /* ObjectDetectionController.swift in Sources */ = {isa = PBXBuildFile; fileRef = 6E7DEE9B2B6C947800165B61 /* ObjectDetectionController.swift */; };
		6E955C762B2230E900E57F55 /* ContentView.swift in Sources */ = {isa = PBXBuildFile; fileRef = EAD5D9642B1FED850014FA26 /* ContentView.swift */; };
		6EA62D8F2B75CBDA009ADE7C /* ScanRoomView.swift in Sources */ = {isa = PBXBuildFile; fileRef = 6EA62D8E2B75CBDA009ADE7C /* ScanRoomView.swift */; };
		EA8D2F0F2B1E705A0074FC71 /* DesignScapeApp.swift in Sources */ = {isa = PBXBuildFile; fileRef = EA8D2F0E2B1E705A0074FC71 /* DesignScapeApp.swift */; };
		EA8D2F132B1E705B0074FC71 /* Assets.xcassets in Resources */ = {isa = PBXBuildFile; fileRef = EA8D2F122B1E705B0074FC71 /* Assets.xcassets */; };
		EA8D2F162B1E705B0074FC71 /* Preview Assets.xcassets in Resources */ = {isa = PBXBuildFile; fileRef = EA8D2F152B1E705B0074FC71 /* Preview Assets.xcassets */; };
		EAAEB1CA2B6F49F800131AB7 /* ARActions.swift in Sources */ = {isa = PBXBuildFile; fileRef = EAAEB1C92B6F49F800131AB7 /* ARActions.swift */; };
		EAAEB1CC2B6F4A9500131AB7 /* ARManager.swift in Sources */ = {isa = PBXBuildFile; fileRef = EAAEB1CB2B6F4A9500131AB7 /* ARManager.swift */; };
		EAD22D1F2B1E7378007D4679 /* GoogleService-Info.plist in Resources */ = {isa = PBXBuildFile; fileRef = EAD22D1E2B1E7378007D4679 /* GoogleService-Info.plist */; };
		EAD5D95E2B1FEB810014FA26 /* DataController.swift in Sources */ = {isa = PBXBuildFile; fileRef = EAD5D95D2B1FEB810014FA26 /* DataController.swift */; };
		EAD5D9612B1FEC420014FA26 /* FirebaseFirestore in Frameworks */ = {isa = PBXBuildFile; productRef = EAD5D9602B1FEC420014FA26 /* FirebaseFirestore */; };
		EAD5D9652B1FED850014FA26 /* Item.swift in Sources */ = {isa = PBXBuildFile; fileRef = EAD5D9622B1FED850014FA26 /* Item.swift */; };
		EAD5D9662B1FED850014FA26 /* DataTableView.swift in Sources */ = {isa = PBXBuildFile; fileRef = EAD5D9632B1FED850014FA26 /* DataTableView.swift */; };
		EAD6EA9D2B7609990060072B /* Furniture in Resources */ = {isa = PBXBuildFile; fileRef = EAD6EA9C2B7609990060072B /* Furniture */; };
		EAD7F8BE2B6D803A00BE6AC4 /* ARViewRepresentable.swift in Sources */ = {isa = PBXBuildFile; fileRef = EAD7F8BD2B6D803A00BE6AC4 /* ARViewRepresentable.swift */; };
		EAD7F8C02B6D807100BE6AC4 /* CameraView.swift in Sources */ = {isa = PBXBuildFile; fileRef = EAD7F8BF2B6D807100BE6AC4 /* CameraView.swift */; };
		EAD7F8C22B6D80D700BE6AC4 /* CustomARView.swift in Sources */ = {isa = PBXBuildFile; fileRef = EAD7F8C12B6D80D700BE6AC4 /* CustomARView.swift */; };
		EAD7F8C42B6D857600BE6AC4 /* ARKit.framework in Frameworks */ = {isa = PBXBuildFile; fileRef = EAD7F8C32B6D857600BE6AC4 /* ARKit.framework */; };
		EAD7F8C62B6D857F00BE6AC4 /* RealityKit.framework in Frameworks */ = {isa = PBXBuildFile; fileRef = EAD7F8C52B6D857F00BE6AC4 /* RealityKit.framework */; };
/* End PBXBuildFile section */

/* Begin PBXFileReference section */
		610CA8BA2B7C1F29000A84E1 /* CatalogView.swift */ = {isa = PBXFileReference; lastKnownFileType = sourcecode.swift; path = CatalogView.swift; sourceTree = "<group>"; };
		619F4B6C2B8144C800F0912D /* SignInView.swift */ = {isa = PBXFileReference; lastKnownFileType = sourcecode.swift; path = SignInView.swift; sourceTree = "<group>"; };
		619F4B6E2B8144E500F0912D /* AccountView.swift */ = {isa = PBXFileReference; lastKnownFileType = sourcecode.swift; path = AccountView.swift; sourceTree = "<group>"; };
		619F4BA62B8161F600F0912D /* SignUpView.swift */ = {isa = PBXFileReference; lastKnownFileType = sourcecode.swift; path = SignUpView.swift; sourceTree = "<group>"; };
		6E091F3B2B906DEE006AE7CB /* ScanRoomController.swift */ = {isa = PBXFileReference; lastKnownFileType = sourcecode.swift; path = ScanRoomController.swift; sourceTree = "<group>"; };
		6E091F3D2B906FF4006AE7CB /* ObjectModel.swift */ = {isa = PBXFileReference; lastKnownFileType = sourcecode.swift; path = ObjectModel.swift; sourceTree = "<group>"; };
		6E091F412B9073E3006AE7CB /* ObjectDectectionView.swift */ = {isa = PBXFileReference; lastKnownFileType = sourcecode.swift; path = ObjectDectectionView.swift; sourceTree = "<group>"; };
		6E20E1642B85A3D90024BEA8 /* Elements.swift */ = {isa = PBXFileReference; lastKnownFileType = sourcecode.swift; path = Elements.swift; sourceTree = "<group>"; };
		6E20E16C2B8B0DD50024BEA8 /* art.scnassets */ = {isa = PBXFileReference; lastKnownFileType = wrapper.scnassets; path = art.scnassets; sourceTree = "<group>"; };
		6E20E16E2B8B10FC0024BEA8 /* SceneKit.framework */ = {isa = PBXFileReference; lastKnownFileType = wrapper.framework; name = SceneKit.framework; path = System/Library/Frameworks/SceneKit.framework; sourceTree = SDKROOT; };
		6E20E1722B8B15190024BEA8 /* ObjectNode.swift */ = {isa = PBXFileReference; lastKnownFileType = sourcecode.swift; path = ObjectNode.swift; sourceTree = "<group>"; };
		6E20E1772B8B15860024BEA8 /* CaptureRoom+Extra.swift */ = {isa = PBXFileReference; lastKnownFileType = sourcecode.swift; path = "CaptureRoom+Extra.swift"; sourceTree = "<group>"; };
		6E20E1792B8B16DF0024BEA8 /* SCNNode+Extra.swift */ = {isa = PBXFileReference; lastKnownFileType = sourcecode.swift; path = "SCNNode+Extra.swift"; sourceTree = "<group>"; };
		6E20E17B2B8B180F0024BEA8 /* MathUtil+Extra.swift */ = {isa = PBXFileReference; lastKnownFileType = sourcecode.swift; path = "MathUtil+Extra.swift"; sourceTree = "<group>"; };
		6E20E17E2B8B19100024BEA8 /* InfoView.swift */ = {isa = PBXFileReference; lastKnownFileType = sourcecode.swift; path = InfoView.swift; sourceTree = "<group>"; };
		6E20E1802B8B19320024BEA8 /* LabelView.swift */ = {isa = PBXFileReference; lastKnownFileType = sourcecode.swift; path = LabelView.swift; sourceTree = "<group>"; };
		6E2A7A5C2B7ED8E400116030 /* roomplan-large.mp4 */ = {isa = PBXFileReference; lastKnownFileType = file; name = "roomplan-large.mp4"; path = "DesignScape/Resources/roomplan-large.mp4"; sourceTree = SOURCE_ROOT; };
		6E7DEE7D2B676A0E00165B61 /* MainView.swift */ = {isa = PBXFileReference; lastKnownFileType = sourcecode.swift; path = MainView.swift; sourceTree = "<group>"; };
		6E7DEE7F2B69C35900165B61 /* CreateDesignView.swift */ = {isa = PBXFileReference; lastKnownFileType = sourcecode.swift; path = CreateDesignView.swift; sourceTree = "<group>"; };
		6E7DEE822B69C42500165B61 /* Merriweather-Bold.ttf */ = {isa = PBXFileReference; lastKnownFileType = file; path = "Merriweather-Bold.ttf"; sourceTree = "<group>"; };
		6E7DEE832B69C42500165B61 /* Merriweather-Italic.ttf */ = {isa = PBXFileReference; lastKnownFileType = file; path = "Merriweather-Italic.ttf"; sourceTree = "<group>"; };
		6E7DEE842B69C42500165B61 /* Merriweather-Light.ttf */ = {isa = PBXFileReference; lastKnownFileType = file; path = "Merriweather-Light.ttf"; sourceTree = "<group>"; };
		6E7DEE852B69C42500165B61 /* Merriweather-BoldItalic.ttf */ = {isa = PBXFileReference; lastKnownFileType = file; path = "Merriweather-BoldItalic.ttf"; sourceTree = "<group>"; };
		6E7DEE862B69C42500165B61 /* Merriweather-LightItalic.ttf */ = {isa = PBXFileReference; lastKnownFileType = file; path = "Merriweather-LightItalic.ttf"; sourceTree = "<group>"; };
		6E7DEE872B69C42500165B61 /* Merriweather-Regular.ttf */ = {isa = PBXFileReference; lastKnownFileType = file; path = "Merriweather-Regular.ttf"; sourceTree = "<group>"; };
		6E7DEE882B69C42500165B61 /* Merriweather-BlackItalic.ttf */ = {isa = PBXFileReference; lastKnownFileType = file; path = "Merriweather-BlackItalic.ttf"; sourceTree = "<group>"; };
		6E7DEE892B69C42500165B61 /* Merriweather-Black.ttf */ = {isa = PBXFileReference; lastKnownFileType = file; path = "Merriweather-Black.ttf"; sourceTree = "<group>"; };
		6E7DEE8A2B69C4DF00165B61 /* Info.plist */ = {isa = PBXFileReference; lastKnownFileType = text.plist; path = Info.plist; sourceTree = "<group>"; };
		6E7DEE932B6C602500165B61 /* Cambay-BoldItalic.ttf */ = {isa = PBXFileReference; lastKnownFileType = file; path = "Cambay-BoldItalic.ttf"; sourceTree = "<group>"; };
		6E7DEE942B6C602500165B61 /* Cambay-Italic.ttf */ = {isa = PBXFileReference; lastKnownFileType = file; path = "Cambay-Italic.ttf"; sourceTree = "<group>"; };
		6E7DEE952B6C602500165B61 /* Cambay-Regular.ttf */ = {isa = PBXFileReference; lastKnownFileType = file; path = "Cambay-Regular.ttf"; sourceTree = "<group>"; };
		6E7DEE962B6C602500165B61 /* Cambay-Bold.ttf */ = {isa = PBXFileReference; lastKnownFileType = file; path = "Cambay-Bold.ttf"; sourceTree = "<group>"; };
		6E7DEE9B2B6C947800165B61 /* ObjectDetectionController.swift */ = {isa = PBXFileReference; lastKnownFileType = sourcecode.swift; path = ObjectDetectionController.swift; sourceTree = "<group>"; };
		6EA62D8E2B75CBDA009ADE7C /* ScanRoomView.swift */ = {isa = PBXFileReference; lastKnownFileType = sourcecode.swift; path = ScanRoomView.swift; sourceTree = "<group>"; };
		EA8D2F0B2B1E705A0074FC71 /* DesignScape.app */ = {isa = PBXFileReference; explicitFileType = wrapper.application; includeInIndex = 0; path = DesignScape.app; sourceTree = BUILT_PRODUCTS_DIR; };
		EA8D2F0E2B1E705A0074FC71 /* DesignScapeApp.swift */ = {isa = PBXFileReference; lastKnownFileType = sourcecode.swift; path = DesignScapeApp.swift; sourceTree = "<group>"; };
		EA8D2F122B1E705B0074FC71 /* Assets.xcassets */ = {isa = PBXFileReference; lastKnownFileType = folder.assetcatalog; path = Assets.xcassets; sourceTree = "<group>"; };
		EA8D2F152B1E705B0074FC71 /* Preview Assets.xcassets */ = {isa = PBXFileReference; lastKnownFileType = folder.assetcatalog; path = "Preview Assets.xcassets"; sourceTree = "<group>"; };
		EAAEB1C92B6F49F800131AB7 /* ARActions.swift */ = {isa = PBXFileReference; lastKnownFileType = sourcecode.swift; path = ARActions.swift; sourceTree = "<group>"; };
		EAAEB1CB2B6F4A9500131AB7 /* ARManager.swift */ = {isa = PBXFileReference; lastKnownFileType = sourcecode.swift; path = ARManager.swift; sourceTree = "<group>"; };
		EAD22D1E2B1E7378007D4679 /* GoogleService-Info.plist */ = {isa = PBXFileReference; fileEncoding = 4; lastKnownFileType = text.plist.xml; path = "GoogleService-Info.plist"; sourceTree = "<group>"; };
		EAD5D95D2B1FEB810014FA26 /* DataController.swift */ = {isa = PBXFileReference; lastKnownFileType = sourcecode.swift; path = DataController.swift; sourceTree = "<group>"; };
		EAD5D9622B1FED850014FA26 /* Item.swift */ = {isa = PBXFileReference; fileEncoding = 4; lastKnownFileType = sourcecode.swift; path = Item.swift; sourceTree = "<group>"; };
		EAD5D9632B1FED850014FA26 /* DataTableView.swift */ = {isa = PBXFileReference; fileEncoding = 4; lastKnownFileType = sourcecode.swift; path = DataTableView.swift; sourceTree = "<group>"; };
		EAD5D9642B1FED850014FA26 /* ContentView.swift */ = {isa = PBXFileReference; fileEncoding = 4; lastKnownFileType = sourcecode.swift; path = ContentView.swift; sourceTree = "<group>"; };
		EAD6EA9C2B7609990060072B /* Furniture */ = {isa = PBXFileReference; lastKnownFileType = folder; path = Furniture; sourceTree = "<group>"; };
		EAD7F8BD2B6D803A00BE6AC4 /* ARViewRepresentable.swift */ = {isa = PBXFileReference; lastKnownFileType = sourcecode.swift; path = ARViewRepresentable.swift; sourceTree = "<group>"; };
		EAD7F8BF2B6D807100BE6AC4 /* CameraView.swift */ = {isa = PBXFileReference; lastKnownFileType = sourcecode.swift; path = CameraView.swift; sourceTree = "<group>"; };
		EAD7F8C12B6D80D700BE6AC4 /* CustomARView.swift */ = {isa = PBXFileReference; lastKnownFileType = sourcecode.swift; path = CustomARView.swift; sourceTree = "<group>"; };
		EAD7F8C32B6D857600BE6AC4 /* ARKit.framework */ = {isa = PBXFileReference; lastKnownFileType = wrapper.framework; name = ARKit.framework; path = System/Library/Frameworks/ARKit.framework; sourceTree = SDKROOT; };
		EAD7F8C52B6D857F00BE6AC4 /* RealityKit.framework */ = {isa = PBXFileReference; lastKnownFileType = wrapper.framework; name = RealityKit.framework; path = System/Library/Frameworks/RealityKit.framework; sourceTree = SDKROOT; };
/* End PBXFileReference section */

/* Begin PBXFrameworksBuildPhase section */
		EA8D2F082B1E705A0074FC71 /* Frameworks */ = {
			isa = PBXFrameworksBuildPhase;
			buildActionMask = 2147483647;
			files = (
				619F4B952B814EFE00F0912D /* FirebaseInAppMessagingSwift-Beta in Frameworks */,
				619F4B852B814EFE00F0912D /* FirebaseDatabaseSwift in Frameworks */,
				619F4B832B814EFE00F0912D /* FirebaseDatabase in Frameworks */,
				619F4B992B814EFE00F0912D /* FirebaseMLModelDownloader in Frameworks */,
				619F4B792B814EFE00F0912D /* FirebaseAppCheck in Frameworks */,
				619F4B912B814EFE00F0912D /* FirebaseFunctionsCombine-Community in Frameworks */,
				619F4B972B814EFE00F0912D /* FirebaseInstallations in Frameworks */,
				619F4B9B2B814EFE00F0912D /* FirebaseMessaging in Frameworks */,
				619F4B7D2B814EFE00F0912D /* FirebaseAuth in Frameworks */,
				619F4B9F2B814EFE00F0912D /* FirebaseRemoteConfig in Frameworks */,
				6E20E16F2B8B10FD0024BEA8 /* SceneKit.framework in Frameworks */,
				619F4B752B814EFE00F0912D /* FirebaseAnalyticsSwift in Frameworks */,
				619F4BA32B814EFE00F0912D /* FirebaseStorage in Frameworks */,
				619F4B9D2B814EFE00F0912D /* FirebasePerformance in Frameworks */,
				619F4B892B814EFE00F0912D /* FirebaseFirestore in Frameworks */,
				EAD7F8C62B6D857F00BE6AC4 /* RealityKit.framework in Frameworks */,
				619F4B932B814EFE00F0912D /* FirebaseInAppMessaging-Beta in Frameworks */,
				EAD7F8C42B6D857600BE6AC4 /* ARKit.framework in Frameworks */,
				619F4B732B814EFE00F0912D /* FirebaseAnalyticsOnDeviceConversion in Frameworks */,
				619F4BA12B814EFE00F0912D /* FirebaseRemoteConfigSwift in Frameworks */,
				619F4B7F2B814EFE00F0912D /* FirebaseAuthCombine-Community in Frameworks */,
				619F4B8F2B814EFE00F0912D /* FirebaseFunctions in Frameworks */,
				619F4B772B814EFE00F0912D /* FirebaseAnalyticsWithoutAdIdSupport in Frameworks */,
				619F4BA52B814EFE00F0912D /* FirebaseStorageCombine-Community in Frameworks */,
				619F4B8B2B814EFE00F0912D /* FirebaseFirestoreCombine-Community in Frameworks */,
				619F4B712B814EFE00F0912D /* FirebaseAnalytics in Frameworks */,
				619F4B812B814EFE00F0912D /* FirebaseCrashlytics in Frameworks */,
				EAD5D9612B1FEC420014FA26 /* FirebaseFirestore in Frameworks */,
				619F4B7B2B814EFE00F0912D /* FirebaseAppDistribution-Beta in Frameworks */,
				619F4B872B814EFE00F0912D /* FirebaseDynamicLinks in Frameworks */,
				619F4B8D2B814EFE00F0912D /* FirebaseFirestoreSwift in Frameworks */,
			);
			runOnlyForDeploymentPostprocessing = 0;
		};
/* End PBXFrameworksBuildPhase section */

/* Begin PBXGroup section */
		6E20E1742B8B15390024BEA8 /* Extension */ = {
			isa = PBXGroup;
			children = (
				6E20E1772B8B15860024BEA8 /* CaptureRoom+Extra.swift */,
				6E20E1792B8B16DF0024BEA8 /* SCNNode+Extra.swift */,
				6E20E17B2B8B180F0024BEA8 /* MathUtil+Extra.swift */,
			);
			path = Extension;
			sourceTree = "<group>";
		};
		6E20E17D2B8B19000024BEA8 /* ScanRoom */ = {
			isa = PBXGroup;
			children = (
				6EA62D8E2B75CBDA009ADE7C /* ScanRoomView.swift */,
				6E20E17E2B8B19100024BEA8 /* InfoView.swift */,
				6E20E1802B8B19320024BEA8 /* LabelView.swift */,
				6E091F412B9073E3006AE7CB /* ObjectDectectionView.swift */,
			);
			path = ScanRoom;
			sourceTree = "<group>";
		};
		6E2A7A5E2B8096BA00116030 /* Resources */ = {
			isa = PBXGroup;
			children = (
				6E7DEE812B69C3BA00165B61 /* fonts */,
				6E2A7A5C2B7ED8E400116030 /* roomplan-large.mp4 */,
			);
			path = Resources;
			sourceTree = "<group>";
		};
		6E7DEE812B69C3BA00165B61 /* fonts */ = {
			isa = PBXGroup;
			children = (
				6E7DEE962B6C602500165B61 /* Cambay-Bold.ttf */,
				6E7DEE932B6C602500165B61 /* Cambay-BoldItalic.ttf */,
				6E7DEE942B6C602500165B61 /* Cambay-Italic.ttf */,
				6E7DEE952B6C602500165B61 /* Cambay-Regular.ttf */,
				6E7DEE892B69C42500165B61 /* Merriweather-Black.ttf */,
				6E7DEE882B69C42500165B61 /* Merriweather-BlackItalic.ttf */,
				6E7DEE822B69C42500165B61 /* Merriweather-Bold.ttf */,
				6E7DEE852B69C42500165B61 /* Merriweather-BoldItalic.ttf */,
				6E7DEE832B69C42500165B61 /* Merriweather-Italic.ttf */,
				6E7DEE842B69C42500165B61 /* Merriweather-Light.ttf */,
				6E7DEE862B69C42500165B61 /* Merriweather-LightItalic.ttf */,
				6E7DEE872B69C42500165B61 /* Merriweather-Regular.ttf */,
			);
			path = fonts;
			sourceTree = "<group>";
		};
		6E955C732B222B8800E57F55 /* Model */ = {
			isa = PBXGroup;
			children = (
				EAD6EA9C2B7609990060072B /* Furniture */,
				EAD5D9622B1FED850014FA26 /* Item.swift */,
				6E091F3D2B906FF4006AE7CB /* ObjectModel.swift */,
			);
			path = Model;
			sourceTree = "<group>";
		};
		6E955C742B222B9600E57F55 /* View */ = {
			isa = PBXGroup;
			children = (
				6E20E17D2B8B19000024BEA8 /* ScanRoom */,
				EAD7F8C12B6D80D700BE6AC4 /* CustomARView.swift */,
				EAD7F8BF2B6D807100BE6AC4 /* CameraView.swift */,
				EAD5D9642B1FED850014FA26 /* ContentView.swift */,
				EAD5D9632B1FED850014FA26 /* DataTableView.swift */,
				6E7DEE7D2B676A0E00165B61 /* MainView.swift */,
				6E7DEE7F2B69C35900165B61 /* CreateDesignView.swift */,
				610CA8BA2B7C1F29000A84E1 /* CatalogView.swift */,
				619F4B6C2B8144C800F0912D /* SignInView.swift */,
				619F4B6E2B8144E500F0912D /* AccountView.swift */,
				619F4BA62B8161F600F0912D /* SignUpView.swift */,
				6E20E1642B85A3D90024BEA8 /* Elements.swift */,
			);
			path = View;
			sourceTree = "<group>";
		};
		6E955C752B222B9900E57F55 /* Controller */ = {
			isa = PBXGroup;
			children = (
				EAD5D95D2B1FEB810014FA26 /* DataController.swift */,
				6E7DEE9B2B6C947800165B61 /* ObjectDetectionController.swift */,
				6E20E1722B8B15190024BEA8 /* ObjectNode.swift */,
				6E091F3B2B906DEE006AE7CB /* ScanRoomController.swift */,
			);
			path = Controller;
			sourceTree = "<group>";
		};
		EA8D2F022B1E705A0074FC71 = {
			isa = PBXGroup;
			children = (
				EA8D2F0D2B1E705A0074FC71 /* DesignScape */,
				EA8D2F0C2B1E705A0074FC71 /* Products */,
				EAD5D95F2B1FEC420014FA26 /* Frameworks */,
			);
			sourceTree = "<group>";
		};
		EA8D2F0C2B1E705A0074FC71 /* Products */ = {
			isa = PBXGroup;
			children = (
				EA8D2F0B2B1E705A0074FC71 /* DesignScape.app */,
			);
			name = Products;
			sourceTree = "<group>";
		};
		EA8D2F0D2B1E705A0074FC71 /* DesignScape */ = {
			isa = PBXGroup;
			children = (
				6E20E1742B8B15390024BEA8 /* Extension */,
				6E20E16C2B8B0DD50024BEA8 /* art.scnassets */,
				6E2A7A5E2B8096BA00116030 /* Resources */,
				EAD7F8BC2B6D800B00BE6AC4 /* Camera */,
				6E7DEE8A2B69C4DF00165B61 /* Info.plist */,
				6E955C752B222B9900E57F55 /* Controller */,
				6E955C742B222B9600E57F55 /* View */,
				6E955C732B222B8800E57F55 /* Model */,
				EA8D2F0E2B1E705A0074FC71 /* DesignScapeApp.swift */,
				EA8D2F122B1E705B0074FC71 /* Assets.xcassets */,
				EAD22D1E2B1E7378007D4679 /* GoogleService-Info.plist */,
				EA8D2F142B1E705B0074FC71 /* Preview Content */,
			);
			path = DesignScape;
			sourceTree = "<group>";
		};
		EA8D2F142B1E705B0074FC71 /* Preview Content */ = {
			isa = PBXGroup;
			children = (
				EA8D2F152B1E705B0074FC71 /* Preview Assets.xcassets */,
			);
			path = "Preview Content";
			sourceTree = "<group>";
		};
		EAD5D95F2B1FEC420014FA26 /* Frameworks */ = {
			isa = PBXGroup;
			children = (
				6E20E16E2B8B10FC0024BEA8 /* SceneKit.framework */,
				EAD7F8C52B6D857F00BE6AC4 /* RealityKit.framework */,
				EAD7F8C32B6D857600BE6AC4 /* ARKit.framework */,
			);
			name = Frameworks;
			sourceTree = "<group>";
		};
		EAD7F8BC2B6D800B00BE6AC4 /* Camera */ = {
			isa = PBXGroup;
			children = (
				EAD7F8BD2B6D803A00BE6AC4 /* ARViewRepresentable.swift */,
				EAAEB1C92B6F49F800131AB7 /* ARActions.swift */,
				EAAEB1CB2B6F4A9500131AB7 /* ARManager.swift */,
			);
			path = Camera;
			sourceTree = "<group>";
		};
/* End PBXGroup section */

/* Begin PBXNativeTarget section */
		EA8D2F0A2B1E705A0074FC71 /* DesignScape */ = {
			isa = PBXNativeTarget;
			buildConfigurationList = EA8D2F2F2B1E705B0074FC71 /* Build configuration list for PBXNativeTarget "DesignScape" */;
			buildPhases = (
				EA8D2F072B1E705A0074FC71 /* Sources */,
				EA8D2F082B1E705A0074FC71 /* Frameworks */,
				EA8D2F092B1E705A0074FC71 /* Resources */,
			);
			buildRules = (
			);
			dependencies = (
			);
			name = DesignScape;
			packageProductDependencies = (
				EAD5D9602B1FEC420014FA26 /* FirebaseFirestore */,
				619F4B702B814EFE00F0912D /* FirebaseAnalytics */,
				619F4B722B814EFE00F0912D /* FirebaseAnalyticsOnDeviceConversion */,
				619F4B742B814EFE00F0912D /* FirebaseAnalyticsSwift */,
				619F4B762B814EFE00F0912D /* FirebaseAnalyticsWithoutAdIdSupport */,
				619F4B782B814EFE00F0912D /* FirebaseAppCheck */,
				619F4B7A2B814EFE00F0912D /* FirebaseAppDistribution-Beta */,
				619F4B7C2B814EFE00F0912D /* FirebaseAuth */,
				619F4B7E2B814EFE00F0912D /* FirebaseAuthCombine-Community */,
				619F4B802B814EFE00F0912D /* FirebaseCrashlytics */,
				619F4B822B814EFE00F0912D /* FirebaseDatabase */,
				619F4B842B814EFE00F0912D /* FirebaseDatabaseSwift */,
				619F4B862B814EFE00F0912D /* FirebaseDynamicLinks */,
				619F4B882B814EFE00F0912D /* FirebaseFirestore */,
				619F4B8A2B814EFE00F0912D /* FirebaseFirestoreCombine-Community */,
				619F4B8C2B814EFE00F0912D /* FirebaseFirestoreSwift */,
				619F4B8E2B814EFE00F0912D /* FirebaseFunctions */,
				619F4B902B814EFE00F0912D /* FirebaseFunctionsCombine-Community */,
				619F4B922B814EFE00F0912D /* FirebaseInAppMessaging-Beta */,
				619F4B942B814EFE00F0912D /* FirebaseInAppMessagingSwift-Beta */,
				619F4B962B814EFE00F0912D /* FirebaseInstallations */,
				619F4B982B814EFE00F0912D /* FirebaseMLModelDownloader */,
				619F4B9A2B814EFE00F0912D /* FirebaseMessaging */,
				619F4B9C2B814EFE00F0912D /* FirebasePerformance */,
				619F4B9E2B814EFE00F0912D /* FirebaseRemoteConfig */,
				619F4BA02B814EFE00F0912D /* FirebaseRemoteConfigSwift */,
				619F4BA22B814EFE00F0912D /* FirebaseStorage */,
				619F4BA42B814EFE00F0912D /* FirebaseStorageCombine-Community */,
			);
			productName = DesignScape;
			productReference = EA8D2F0B2B1E705A0074FC71 /* DesignScape.app */;
			productType = "com.apple.product-type.application";
		};
/* End PBXNativeTarget section */

/* Begin PBXProject section */
		EA8D2F032B1E705A0074FC71 /* Project object */ = {
			isa = PBXProject;
			attributes = {
				BuildIndependentTargetsInParallel = 1;
				LastSwiftUpdateCheck = 1410;
				LastUpgradeCheck = 1520;
				TargetAttributes = {
					EA8D2F0A2B1E705A0074FC71 = {
						CreatedOnToolsVersion = 15.0;
					};
				};
			};
			buildConfigurationList = EA8D2F062B1E705A0074FC71 /* Build configuration list for PBXProject "DesignScape" */;
			compatibilityVersion = "Xcode 14.0";
			developmentRegion = en;
			hasScannedForEncodings = 0;
			knownRegions = (
				en,
				Base,
			);
			mainGroup = EA8D2F022B1E705A0074FC71;
			packageReferences = (
				EAD22D202B1E7590007D4679 /* XCRemoteSwiftPackageReference "firebase-ios-sdk" */,
			);
			productRefGroup = EA8D2F0C2B1E705A0074FC71 /* Products */;
			projectDirPath = "";
			projectRoot = "";
			targets = (
				EA8D2F0A2B1E705A0074FC71 /* DesignScape */,
			);
		};
/* End PBXProject section */

/* Begin PBXResourcesBuildPhase section */
		EA8D2F092B1E705A0074FC71 /* Resources */ = {
			isa = PBXResourcesBuildPhase;
			buildActionMask = 2147483647;
			files = (
				6E7DEE8D2B69CC4700165B61 /* Merriweather-Black.ttf in Resources */,
				6E20E16D2B8B0DD50024BEA8 /* art.scnassets in Resources */,
				6E7DEE8B2B69CC4700165B61 /* Merriweather-BlackItalic.ttf in Resources */,
				EAD6EA9D2B7609990060072B /* Furniture in Resources */,
				6E2A7A5D2B7ED8E400116030 /* roomplan-large.mp4 in Resources */,
				EA8D2F162B1E705B0074FC71 /* Preview Assets.xcassets in Resources */,
				6E7DEE902B69CC4700165B61 /* Merriweather-Light.ttf in Resources */,
				6E7DEE992B6C602500165B61 /* Cambay-Regular.ttf in Resources */,
				6E7DEE9A2B6C602500165B61 /* Cambay-Bold.ttf in Resources */,
				6E7DEE8F2B69CC4700165B61 /* Merriweather-BoldItalic.ttf in Resources */,
				6E7DEE922B69CC4700165B61 /* Merriweather-Bold.ttf in Resources */,
				EA8D2F132B1E705B0074FC71 /* Assets.xcassets in Resources */,
				6E7DEE912B69CC4700165B61 /* Merriweather-LightItalic.ttf in Resources */,
				6E7DEE982B6C602500165B61 /* Cambay-Italic.ttf in Resources */,
				6E7DEE8E2B69CC4700165B61 /* Merriweather-Italic.ttf in Resources */,
				6E7DEE972B6C602500165B61 /* Cambay-BoldItalic.ttf in Resources */,
				6E7DEE8C2B69CC4700165B61 /* Merriweather-Regular.ttf in Resources */,
				EAD22D1F2B1E7378007D4679 /* GoogleService-Info.plist in Resources */,
			);
			runOnlyForDeploymentPostprocessing = 0;
		};
/* End PBXResourcesBuildPhase section */

/* Begin PBXSourcesBuildPhase section */
		EA8D2F072B1E705A0074FC71 /* Sources */ = {
			isa = PBXSourcesBuildPhase;
			buildActionMask = 2147483647;
			files = (
				EAD7F8C22B6D80D700BE6AC4 /* CustomARView.swift in Sources */,
				EAD5D95E2B1FEB810014FA26 /* DataController.swift in Sources */,
				610CA8BB2B7C1F29000A84E1 /* CatalogView.swift in Sources */,
				619F4B6F2B8144E500F0912D /* AccountView.swift in Sources */,
				6E091F3C2B906DEE006AE7CB /* ScanRoomController.swift in Sources */,
				6E7DEE9C2B6C947800165B61 /* ObjectDetectionController.swift in Sources */,
				6E20E17A2B8B16DF0024BEA8 /* SCNNode+Extra.swift in Sources */,
				6E7DEE7E2B676A0E00165B61 /* MainView.swift in Sources */,
				6EA62D8F2B75CBDA009ADE7C /* ScanRoomView.swift in Sources */,
				6E955C762B2230E900E57F55 /* ContentView.swift in Sources */,
				EAD7F8C02B6D807100BE6AC4 /* CameraView.swift in Sources */,
				EA8D2F0F2B1E705A0074FC71 /* DesignScapeApp.swift in Sources */,
				6E20E1782B8B15860024BEA8 /* CaptureRoom+Extra.swift in Sources */,
				6E091F422B9073E3006AE7CB /* ObjectDectectionView.swift in Sources */,
				6E091F3E2B906FF4006AE7CB /* ObjectModel.swift in Sources */,
				EAAEB1CA2B6F49F800131AB7 /* ARActions.swift in Sources */,
				EAD5D9662B1FED850014FA26 /* DataTableView.swift in Sources */,
				6E20E1652B85A3D90024BEA8 /* Elements.swift in Sources */,
				EAD5D9652B1FED850014FA26 /* Item.swift in Sources */,
				6E20E17F2B8B19100024BEA8 /* InfoView.swift in Sources */,
				EAD7F8BE2B6D803A00BE6AC4 /* ARViewRepresentable.swift in Sources */,
				6E20E1812B8B19320024BEA8 /* LabelView.swift in Sources */,
				6E20E17C2B8B180F0024BEA8 /* MathUtil+Extra.swift in Sources */,
				6E20E1732B8B15190024BEA8 /* ObjectNode.swift in Sources */,
				EAAEB1CC2B6F4A9500131AB7 /* ARManager.swift in Sources */,
				619F4B6D2B8144C800F0912D /* SignInView.swift in Sources */,
				619F4BA72B8161F600F0912D /* SignUpView.swift in Sources */,
				6E7DEE802B69C35900165B61 /* CreateDesignView.swift in Sources */,
			);
			runOnlyForDeploymentPostprocessing = 0;
		};
/* End PBXSourcesBuildPhase section */

/* Begin XCBuildConfiguration section */
		EA8D2F2D2B1E705B0074FC71 /* Debug */ = {
			isa = XCBuildConfiguration;
			buildSettings = {
				ALWAYS_SEARCH_USER_PATHS = NO;
				ASSETCATALOG_COMPILER_GENERATE_SWIFT_ASSET_SYMBOL_EXTENSIONS = YES;
				CLANG_ANALYZER_NONNULL = YES;
				CLANG_ANALYZER_NUMBER_OBJECT_CONVERSION = YES_AGGRESSIVE;
				CLANG_CXX_LANGUAGE_STANDARD = "gnu++20";
				CLANG_ENABLE_MODULES = YES;
				CLANG_ENABLE_OBJC_ARC = YES;
				CLANG_ENABLE_OBJC_WEAK = YES;
				CLANG_WARN_BLOCK_CAPTURE_AUTORELEASING = YES;
				CLANG_WARN_BOOL_CONVERSION = YES;
				CLANG_WARN_COMMA = YES;
				CLANG_WARN_CONSTANT_CONVERSION = YES;
				CLANG_WARN_DEPRECATED_OBJC_IMPLEMENTATIONS = YES;
				CLANG_WARN_DIRECT_OBJC_ISA_USAGE = YES_ERROR;
				CLANG_WARN_DOCUMENTATION_COMMENTS = YES;
				CLANG_WARN_EMPTY_BODY = YES;
				CLANG_WARN_ENUM_CONVERSION = YES;
				CLANG_WARN_INFINITE_RECURSION = YES;
				CLANG_WARN_INT_CONVERSION = YES;
				CLANG_WARN_NON_LITERAL_NULL_CONVERSION = YES;
				CLANG_WARN_OBJC_IMPLICIT_RETAIN_SELF = YES;
				CLANG_WARN_OBJC_LITERAL_CONVERSION = YES;
				CLANG_WARN_OBJC_ROOT_CLASS = YES_ERROR;
				CLANG_WARN_QUOTED_INCLUDE_IN_FRAMEWORK_HEADER = YES;
				CLANG_WARN_RANGE_LOOP_ANALYSIS = YES;
				CLANG_WARN_STRICT_PROTOTYPES = YES;
				CLANG_WARN_SUSPICIOUS_MOVE = YES;
				CLANG_WARN_UNGUARDED_AVAILABILITY = YES_AGGRESSIVE;
				CLANG_WARN_UNREACHABLE_CODE = YES;
				CLANG_WARN__DUPLICATE_METHOD_MATCH = YES;
				COPY_PHASE_STRIP = NO;
				DEBUG_INFORMATION_FORMAT = dwarf;
				ENABLE_STRICT_OBJC_MSGSEND = YES;
				ENABLE_TESTABILITY = YES;
				ENABLE_USER_SCRIPT_SANDBOXING = YES;
				GCC_C_LANGUAGE_STANDARD = gnu17;
				GCC_DYNAMIC_NO_PIC = NO;
				GCC_NO_COMMON_BLOCKS = YES;
				GCC_OPTIMIZATION_LEVEL = 0;
				GCC_PREPROCESSOR_DEFINITIONS = (
					"DEBUG=1",
					"$(inherited)",
				);
				GCC_WARN_64_TO_32_BIT_CONVERSION = YES;
				GCC_WARN_ABOUT_RETURN_TYPE = YES_ERROR;
				GCC_WARN_UNDECLARED_SELECTOR = YES;
				GCC_WARN_UNINITIALIZED_AUTOS = YES_AGGRESSIVE;
				GCC_WARN_UNUSED_FUNCTION = YES;
				GCC_WARN_UNUSED_VARIABLE = YES;
				IPHONEOS_DEPLOYMENT_TARGET = 17.0;
				LOCALIZATION_PREFERS_STRING_CATALOGS = YES;
				MTL_ENABLE_DEBUG_INFO = INCLUDE_SOURCE;
				MTL_FAST_MATH = YES;
				ONLY_ACTIVE_ARCH = YES;
				SDKROOT = iphoneos;
				SWIFT_ACTIVE_COMPILATION_CONDITIONS = "DEBUG $(inherited)";
				SWIFT_OPTIMIZATION_LEVEL = "-Onone";
			};
			name = Debug;
		};
		EA8D2F2E2B1E705B0074FC71 /* Release */ = {
			isa = XCBuildConfiguration;
			buildSettings = {
				ALWAYS_SEARCH_USER_PATHS = NO;
				ASSETCATALOG_COMPILER_GENERATE_SWIFT_ASSET_SYMBOL_EXTENSIONS = YES;
				CLANG_ANALYZER_NONNULL = YES;
				CLANG_ANALYZER_NUMBER_OBJECT_CONVERSION = YES_AGGRESSIVE;
				CLANG_CXX_LANGUAGE_STANDARD = "gnu++20";
				CLANG_ENABLE_MODULES = YES;
				CLANG_ENABLE_OBJC_ARC = YES;
				CLANG_ENABLE_OBJC_WEAK = YES;
				CLANG_WARN_BLOCK_CAPTURE_AUTORELEASING = YES;
				CLANG_WARN_BOOL_CONVERSION = YES;
				CLANG_WARN_COMMA = YES;
				CLANG_WARN_CONSTANT_CONVERSION = YES;
				CLANG_WARN_DEPRECATED_OBJC_IMPLEMENTATIONS = YES;
				CLANG_WARN_DIRECT_OBJC_ISA_USAGE = YES_ERROR;
				CLANG_WARN_DOCUMENTATION_COMMENTS = YES;
				CLANG_WARN_EMPTY_BODY = YES;
				CLANG_WARN_ENUM_CONVERSION = YES;
				CLANG_WARN_INFINITE_RECURSION = YES;
				CLANG_WARN_INT_CONVERSION = YES;
				CLANG_WARN_NON_LITERAL_NULL_CONVERSION = YES;
				CLANG_WARN_OBJC_IMPLICIT_RETAIN_SELF = YES;
				CLANG_WARN_OBJC_LITERAL_CONVERSION = YES;
				CLANG_WARN_OBJC_ROOT_CLASS = YES_ERROR;
				CLANG_WARN_QUOTED_INCLUDE_IN_FRAMEWORK_HEADER = YES;
				CLANG_WARN_RANGE_LOOP_ANALYSIS = YES;
				CLANG_WARN_STRICT_PROTOTYPES = YES;
				CLANG_WARN_SUSPICIOUS_MOVE = YES;
				CLANG_WARN_UNGUARDED_AVAILABILITY = YES_AGGRESSIVE;
				CLANG_WARN_UNREACHABLE_CODE = YES;
				CLANG_WARN__DUPLICATE_METHOD_MATCH = YES;
				COPY_PHASE_STRIP = NO;
				DEBUG_INFORMATION_FORMAT = "dwarf-with-dsym";
				ENABLE_NS_ASSERTIONS = NO;
				ENABLE_STRICT_OBJC_MSGSEND = YES;
				ENABLE_USER_SCRIPT_SANDBOXING = YES;
				GCC_C_LANGUAGE_STANDARD = gnu17;
				GCC_NO_COMMON_BLOCKS = YES;
				GCC_WARN_64_TO_32_BIT_CONVERSION = YES;
				GCC_WARN_ABOUT_RETURN_TYPE = YES_ERROR;
				GCC_WARN_UNDECLARED_SELECTOR = YES;
				GCC_WARN_UNINITIALIZED_AUTOS = YES_AGGRESSIVE;
				GCC_WARN_UNUSED_FUNCTION = YES;
				GCC_WARN_UNUSED_VARIABLE = YES;
				IPHONEOS_DEPLOYMENT_TARGET = 17.0;
				LOCALIZATION_PREFERS_STRING_CATALOGS = YES;
				MTL_ENABLE_DEBUG_INFO = NO;
				MTL_FAST_MATH = YES;
				SDKROOT = iphoneos;
				SWIFT_COMPILATION_MODE = wholemodule;
				VALIDATE_PRODUCT = YES;
			};
			name = Release;
		};
		EA8D2F302B1E705B0074FC71 /* Debug */ = {
			isa = XCBuildConfiguration;
			buildSettings = {
				ASSETCATALOG_COMPILER_APPICON_NAME = AppIcon;
				ASSETCATALOG_COMPILER_GLOBAL_ACCENT_COLOR_NAME = AccentColor;
				CODE_SIGN_STYLE = Automatic;
				CURRENT_PROJECT_VERSION = 1;
				DEVELOPMENT_ASSET_PATHS = "\"DesignScape/Preview Content\"";
				DEVELOPMENT_TEAM = VK2PRX795K;
				ENABLE_PREVIEWS = YES;
				GENERATE_INFOPLIST_FILE = YES;
				INFOPLIST_FILE = DesignScape/Info.plist;
				INFOPLIST_KEY_LSApplicationCategoryType = "public.app-category.shopping";
				INFOPLIST_KEY_NSCameraUsageDescription = "Needed for AR Camera";
				INFOPLIST_KEY_UIApplicationSceneManifest_Generation = YES;
				INFOPLIST_KEY_UIApplicationSupportsIndirectInputEvents = YES;
				INFOPLIST_KEY_UILaunchScreen_Generation = YES;
				INFOPLIST_KEY_UISupportedInterfaceOrientations_iPad = "UIInterfaceOrientationPortrait UIInterfaceOrientationPortraitUpsideDown UIInterfaceOrientationLandscapeLeft UIInterfaceOrientationLandscapeRight";
				INFOPLIST_KEY_UISupportedInterfaceOrientations_iPhone = "UIInterfaceOrientationPortrait UIInterfaceOrientationLandscapeLeft UIInterfaceOrientationLandscapeRight";
				INFOPLIST_KEY_UIUserInterfaceStyle = Light;
				IPHONEOS_DEPLOYMENT_TARGET = 16.1;
				LD_RUNPATH_SEARCH_PATHS = (
					"$(inherited)",
					"@executable_path/Frameworks",
				);
				MARKETING_VERSION = 1.0;
				PRODUCT_BUNDLE_IDENTIFIER = dev.mhuynh.DesignScape2;
				PRODUCT_NAME = "$(TARGET_NAME)";
				SWIFT_EMIT_LOC_STRINGS = YES;
				SWIFT_VERSION = 5.0;
				TARGETED_DEVICE_FAMILY = "1,2";
			};
			name = Debug;
		};
		EA8D2F312B1E705B0074FC71 /* Release */ = {
			isa = XCBuildConfiguration;
			buildSettings = {
				ASSETCATALOG_COMPILER_APPICON_NAME = AppIcon;
				ASSETCATALOG_COMPILER_GLOBAL_ACCENT_COLOR_NAME = AccentColor;
				CODE_SIGN_STYLE = Automatic;
				CURRENT_PROJECT_VERSION = 1;
				DEVELOPMENT_ASSET_PATHS = "\"DesignScape/Preview Content\"";
				DEVELOPMENT_TEAM = VK2PRX795K;
				ENABLE_PREVIEWS = YES;
				GENERATE_INFOPLIST_FILE = YES;
				INFOPLIST_FILE = DesignScape/Info.plist;
				INFOPLIST_KEY_LSApplicationCategoryType = "public.app-category.shopping";
				INFOPLIST_KEY_NSCameraUsageDescription = "Needed for AR Camera";
				INFOPLIST_KEY_UIApplicationSceneManifest_Generation = YES;
				INFOPLIST_KEY_UIApplicationSupportsIndirectInputEvents = YES;
				INFOPLIST_KEY_UILaunchScreen_Generation = YES;
				INFOPLIST_KEY_UISupportedInterfaceOrientations_iPad = "UIInterfaceOrientationPortrait UIInterfaceOrientationPortraitUpsideDown UIInterfaceOrientationLandscapeLeft UIInterfaceOrientationLandscapeRight";
				INFOPLIST_KEY_UISupportedInterfaceOrientations_iPhone = "UIInterfaceOrientationPortrait UIInterfaceOrientationLandscapeLeft UIInterfaceOrientationLandscapeRight";
				INFOPLIST_KEY_UIUserInterfaceStyle = Light;
				IPHONEOS_DEPLOYMENT_TARGET = 16.1;
				LD_RUNPATH_SEARCH_PATHS = (
					"$(inherited)",
					"@executable_path/Frameworks",
				);
				MARKETING_VERSION = 1.0;
				PRODUCT_BUNDLE_IDENTIFIER = dev.mhuynh.DesignScape2;
				PRODUCT_NAME = "$(TARGET_NAME)";
				SWIFT_EMIT_LOC_STRINGS = YES;
				SWIFT_VERSION = 5.0;
				TARGETED_DEVICE_FAMILY = "1,2";
			};
			name = Release;
		};
/* End XCBuildConfiguration section */

/* Begin XCConfigurationList section */
		EA8D2F062B1E705A0074FC71 /* Build configuration list for PBXProject "DesignScape" */ = {
			isa = XCConfigurationList;
			buildConfigurations = (
				EA8D2F2D2B1E705B0074FC71 /* Debug */,
				EA8D2F2E2B1E705B0074FC71 /* Release */,
			);
			defaultConfigurationIsVisible = 0;
			defaultConfigurationName = Release;
		};
		EA8D2F2F2B1E705B0074FC71 /* Build configuration list for PBXNativeTarget "DesignScape" */ = {
			isa = XCConfigurationList;
			buildConfigurations = (
				EA8D2F302B1E705B0074FC71 /* Debug */,
				EA8D2F312B1E705B0074FC71 /* Release */,
			);
			defaultConfigurationIsVisible = 0;
			defaultConfigurationName = Release;
		};
/* End XCConfigurationList section */

/* Begin XCRemoteSwiftPackageReference section */
		EAD22D202B1E7590007D4679 /* XCRemoteSwiftPackageReference "firebase-ios-sdk" */ = {
			isa = XCRemoteSwiftPackageReference;
			repositoryURL = "https://github.com/firebase/firebase-ios-sdk";
			requirement = {
				kind = upToNextMajorVersion;
				minimumVersion = 10.18.0;
			};
		};
/* End XCRemoteSwiftPackageReference section */

/* Begin XCSwiftPackageProductDependency section */
		619F4B702B814EFE00F0912D /* FirebaseAnalytics */ = {
			isa = XCSwiftPackageProductDependency;
			package = EAD22D202B1E7590007D4679 /* XCRemoteSwiftPackageReference "firebase-ios-sdk" */;
			productName = FirebaseAnalytics;
		};
		619F4B722B814EFE00F0912D /* FirebaseAnalyticsOnDeviceConversion */ = {
			isa = XCSwiftPackageProductDependency;
			package = EAD22D202B1E7590007D4679 /* XCRemoteSwiftPackageReference "firebase-ios-sdk" */;
			productName = FirebaseAnalyticsOnDeviceConversion;
		};
		619F4B742B814EFE00F0912D /* FirebaseAnalyticsSwift */ = {
			isa = XCSwiftPackageProductDependency;
			package = EAD22D202B1E7590007D4679 /* XCRemoteSwiftPackageReference "firebase-ios-sdk" */;
			productName = FirebaseAnalyticsSwift;
		};
		619F4B762B814EFE00F0912D /* FirebaseAnalyticsWithoutAdIdSupport */ = {
			isa = XCSwiftPackageProductDependency;
			package = EAD22D202B1E7590007D4679 /* XCRemoteSwiftPackageReference "firebase-ios-sdk" */;
			productName = FirebaseAnalyticsWithoutAdIdSupport;
		};
		619F4B782B814EFE00F0912D /* FirebaseAppCheck */ = {
			isa = XCSwiftPackageProductDependency;
			package = EAD22D202B1E7590007D4679 /* XCRemoteSwiftPackageReference "firebase-ios-sdk" */;
			productName = FirebaseAppCheck;
		};
		619F4B7A2B814EFE00F0912D /* FirebaseAppDistribution-Beta */ = {
			isa = XCSwiftPackageProductDependency;
			package = EAD22D202B1E7590007D4679 /* XCRemoteSwiftPackageReference "firebase-ios-sdk" */;
			productName = "FirebaseAppDistribution-Beta";
		};
		619F4B7C2B814EFE00F0912D /* FirebaseAuth */ = {
			isa = XCSwiftPackageProductDependency;
			package = EAD22D202B1E7590007D4679 /* XCRemoteSwiftPackageReference "firebase-ios-sdk" */;
			productName = FirebaseAuth;
		};
		619F4B7E2B814EFE00F0912D /* FirebaseAuthCombine-Community */ = {
			isa = XCSwiftPackageProductDependency;
			package = EAD22D202B1E7590007D4679 /* XCRemoteSwiftPackageReference "firebase-ios-sdk" */;
			productName = "FirebaseAuthCombine-Community";
		};
		619F4B802B814EFE00F0912D /* FirebaseCrashlytics */ = {
			isa = XCSwiftPackageProductDependency;
			package = EAD22D202B1E7590007D4679 /* XCRemoteSwiftPackageReference "firebase-ios-sdk" */;
			productName = FirebaseCrashlytics;
		};
		619F4B822B814EFE00F0912D /* FirebaseDatabase */ = {
			isa = XCSwiftPackageProductDependency;
			package = EAD22D202B1E7590007D4679 /* XCRemoteSwiftPackageReference "firebase-ios-sdk" */;
			productName = FirebaseDatabase;
		};
		619F4B842B814EFE00F0912D /* FirebaseDatabaseSwift */ = {
			isa = XCSwiftPackageProductDependency;
			package = EAD22D202B1E7590007D4679 /* XCRemoteSwiftPackageReference "firebase-ios-sdk" */;
			productName = FirebaseDatabaseSwift;
		};
		619F4B862B814EFE00F0912D /* FirebaseDynamicLinks */ = {
			isa = XCSwiftPackageProductDependency;
			package = EAD22D202B1E7590007D4679 /* XCRemoteSwiftPackageReference "firebase-ios-sdk" */;
			productName = FirebaseDynamicLinks;
		};
		619F4B882B814EFE00F0912D /* FirebaseFirestore */ = {
			isa = XCSwiftPackageProductDependency;
			package = EAD22D202B1E7590007D4679 /* XCRemoteSwiftPackageReference "firebase-ios-sdk" */;
			productName = FirebaseFirestore;
		};
		619F4B8A2B814EFE00F0912D /* FirebaseFirestoreCombine-Community */ = {
			isa = XCSwiftPackageProductDependency;
			package = EAD22D202B1E7590007D4679 /* XCRemoteSwiftPackageReference "firebase-ios-sdk" */;
			productName = "FirebaseFirestoreCombine-Community";
		};
		619F4B8C2B814EFE00F0912D /* FirebaseFirestoreSwift */ = {
			isa = XCSwiftPackageProductDependency;
			package = EAD22D202B1E7590007D4679 /* XCRemoteSwiftPackageReference "firebase-ios-sdk" */;
			productName = FirebaseFirestoreSwift;
		};
		619F4B8E2B814EFE00F0912D /* FirebaseFunctions */ = {
			isa = XCSwiftPackageProductDependency;
			package = EAD22D202B1E7590007D4679 /* XCRemoteSwiftPackageReference "firebase-ios-sdk" */;
			productName = FirebaseFunctions;
		};
		619F4B902B814EFE00F0912D /* FirebaseFunctionsCombine-Community */ = {
			isa = XCSwiftPackageProductDependency;
			package = EAD22D202B1E7590007D4679 /* XCRemoteSwiftPackageReference "firebase-ios-sdk" */;
			productName = "FirebaseFunctionsCombine-Community";
		};
		619F4B922B814EFE00F0912D /* FirebaseInAppMessaging-Beta */ = {
			isa = XCSwiftPackageProductDependency;
			package = EAD22D202B1E7590007D4679 /* XCRemoteSwiftPackageReference "firebase-ios-sdk" */;
			productName = "FirebaseInAppMessaging-Beta";
		};
		619F4B942B814EFE00F0912D /* FirebaseInAppMessagingSwift-Beta */ = {
			isa = XCSwiftPackageProductDependency;
			package = EAD22D202B1E7590007D4679 /* XCRemoteSwiftPackageReference "firebase-ios-sdk" */;
			productName = "FirebaseInAppMessagingSwift-Beta";
		};
		619F4B962B814EFE00F0912D /* FirebaseInstallations */ = {
			isa = XCSwiftPackageProductDependency;
			package = EAD22D202B1E7590007D4679 /* XCRemoteSwiftPackageReference "firebase-ios-sdk" */;
			productName = FirebaseInstallations;
		};
		619F4B982B814EFE00F0912D /* FirebaseMLModelDownloader */ = {
			isa = XCSwiftPackageProductDependency;
			package = EAD22D202B1E7590007D4679 /* XCRemoteSwiftPackageReference "firebase-ios-sdk" */;
			productName = FirebaseMLModelDownloader;
		};
		619F4B9A2B814EFE00F0912D /* FirebaseMessaging */ = {
			isa = XCSwiftPackageProductDependency;
			package = EAD22D202B1E7590007D4679 /* XCRemoteSwiftPackageReference "firebase-ios-sdk" */;
			productName = FirebaseMessaging;
		};
		619F4B9C2B814EFE00F0912D /* FirebasePerformance */ = {
			isa = XCSwiftPackageProductDependency;
			package = EAD22D202B1E7590007D4679 /* XCRemoteSwiftPackageReference "firebase-ios-sdk" */;
			productName = FirebasePerformance;
		};
		619F4B9E2B814EFE00F0912D /* FirebaseRemoteConfig */ = {
			isa = XCSwiftPackageProductDependency;
			package = EAD22D202B1E7590007D4679 /* XCRemoteSwiftPackageReference "firebase-ios-sdk" */;
			productName = FirebaseRemoteConfig;
		};
		619F4BA02B814EFE00F0912D /* FirebaseRemoteConfigSwift */ = {
			isa = XCSwiftPackageProductDependency;
			package = EAD22D202B1E7590007D4679 /* XCRemoteSwiftPackageReference "firebase-ios-sdk" */;
			productName = FirebaseRemoteConfigSwift;
		};
		619F4BA22B814EFE00F0912D /* FirebaseStorage */ = {
			isa = XCSwiftPackageProductDependency;
			package = EAD22D202B1E7590007D4679 /* XCRemoteSwiftPackageReference "firebase-ios-sdk" */;
			productName = FirebaseStorage;
		};
		619F4BA42B814EFE00F0912D /* FirebaseStorageCombine-Community */ = {
			isa = XCSwiftPackageProductDependency;
			package = EAD22D202B1E7590007D4679 /* XCRemoteSwiftPackageReference "firebase-ios-sdk" */;
			productName = "FirebaseStorageCombine-Community";
		};
		EAD5D9602B1FEC420014FA26 /* FirebaseFirestore */ = {
			isa = XCSwiftPackageProductDependency;
			package = EAD22D202B1E7590007D4679 /* XCRemoteSwiftPackageReference "firebase-ios-sdk" */;
			productName = FirebaseFirestore;
		};
/* End XCSwiftPackageProductDependency section */
	};
	rootObject = EA8D2F032B1E705A0074FC71 /* Project object */;
}
